
Microsoft Visual Studio Solution File, Format Version 12.00
# Visual Studio Version 17
VisualStudioVersion = 17.5.33414.496
MinimumVisualStudioVersion = 10.0.40219.1
Project("{FAE04EC0-301F-11D3-BF4B-00C04F79EFBC}") = "CompGraphicsLab06", "CompGraphicsLab06.csproj", "{D5CC34BE-DD7D-40CD-9CC8-80EC8AE7EAF1}"
EndProject
Global
	GlobalSection(SolutionConfigurationPlatforms) = preSolution
		Debug|Any CPU = Debug|Any CPU
		Release|Any CPU = Release|Any CPU
	EndGlobalSection
	GlobalSection(ProjectConfigurationPlatforms) = postSolution
		{D5CC34BE-DD7D-40CD-9CC8-80EC8AE7EAF1}.Debug|Any CPU.ActiveCfg = Debug|Any CPU
		{D5CC34BE-DD7D-40CD-9CC8-80EC8AE7EAF1}.Debug|Any CPU.Build.0 = Debug|Any CPU
		{D5CC34BE-DD7D-40CD-9CC8-80EC8AE7EAF1}.Release|Any CPU.ActiveCfg = Release|Any CPU
		{D5CC34BE-DD7D-40CD-9CC8-80EC8AE7EAF1}.Release|Any CPU.Build.0 = Release|Any CPU
	EndGlobalSection
	GlobalSection(SolutionProperties) = preSolution
		HideSolutionNode = FALSE
	EndGlobalSection
	GlobalSection(ExtensibilityGlobals) = postSolution
		SolutionGuid = {048F3D6E-B912-4AD1-8A5C-BD76A5EE841E}
	EndGlobalSection
EndGlobal
